// !$*UTF8*$!
{
	archiveVersion = 1;
	classes = {
	};
	objectVersion = 55;
	objects = {

/* Begin PBXBuildFile section */
		040231EC287ECB6E003AB343 /* GroupPresenter.swift in Sources */ = {isa = PBXBuildFile; fileRef = 040231EB287ECB6E003AB343 /* GroupPresenter.swift */; };
		040231EE287ED076003AB343 /* GroupsWithPresenter.swift in Sources */ = {isa = PBXBuildFile; fileRef = 040231ED287ED076003AB343 /* GroupsWithPresenter.swift */; };
		040231F028803548003AB343 /* AlertVC.swift in Sources */ = {isa = PBXBuildFile; fileRef = 040231EF28803548003AB343 /* AlertVC.swift */; };
		040231F328803673003AB343 /* AlertController.swift in Sources */ = {isa = PBXBuildFile; fileRef = 040231F228803673003AB343 /* AlertController.swift */; };
		040231F928817538003AB343 /* GroupsDetailsVC.swift in Sources */ = {isa = PBXBuildFile; fileRef = 040231F828817538003AB343 /* GroupsDetailsVC.swift */; };
		040231FB28830A80003AB343 /* PostCellModel.swift in Sources */ = {isa = PBXBuildFile; fileRef = 040231FA28830A80003AB343 /* PostCellModel.swift */; };
		04111A7A289B912800612656 /* GroupsViewModel.swift in Sources */ = {isa = PBXBuildFile; fileRef = 04111A79289B912800612656 /* GroupsViewModel.swift */; };
		04111A7C289B965B00612656 /* VideosEndpoint.swift in Sources */ = {isa = PBXBuildFile; fileRef = 04111A7B289B965B00612656 /* VideosEndpoint.swift */; };
		0422A4202886ABC20050836F /* ScaledHeightImageView.swift in Sources */ = {isa = PBXBuildFile; fileRef = 0422A41F2886ABC20050836F /* ScaledHeightImageView.swift */; };
		048027E028707E84000E5D6B /* FriendsApi.swift in Sources */ = {isa = PBXBuildFile; fileRef = 048027DF28707E84000E5D6B /* FriendsApi.swift */; };
		048027E2287082C1000E5D6B /* Data+JSONprint.swift in Sources */ = {isa = PBXBuildFile; fileRef = 048027E1287082C1000E5D6B /* Data+JSONprint.swift */; };
		04838004288A70D200204575 /* hours+extension.swift in Sources */ = {isa = PBXBuildFile; fileRef = 04838003288A70D200204575 /* hours+extension.swift */; };
		04840BD7288E8C43003D24D9 /* Endpoint.swift in Sources */ = {isa = PBXBuildFile; fileRef = 04840BD6288E8C43003D24D9 /* Endpoint.swift */; };
		04840BD9288E8D07003D24D9 /* FriendsEndpoint.swift in Sources */ = {isa = PBXBuildFile; fileRef = 04840BD8288E8D07003D24D9 /* FriendsEndpoint.swift */; };
		04840BDB288E9294003D24D9 /* API.swift in Sources */ = {isa = PBXBuildFile; fileRef = 04840BDA288E9294003D24D9 /* API.swift */; };
		04840BDD288E95B9003D24D9 /* BaseResponse.swift in Sources */ = {isa = PBXBuildFile; fileRef = 04840BDC288E95B9003D24D9 /* BaseResponse.swift */; };
		048A9C11288564EF004D33E0 /* AuthorOfFeedTableViewCell.swift in Sources */ = {isa = PBXBuildFile; fileRef = 048A9C10288564EF004D33E0 /* AuthorOfFeedTableViewCell.swift */; };
		048A9C132885650C004D33E0 /* TextOfFeedTableViewCell.swift in Sources */ = {isa = PBXBuildFile; fileRef = 048A9C122885650C004D33E0 /* TextOfFeedTableViewCell.swift */; };
		048A9C1528856536004D33E0 /* PhotoOfFeedTableViewCell.swift in Sources */ = {isa = PBXBuildFile; fileRef = 048A9C1428856536004D33E0 /* PhotoOfFeedTableViewCell.swift */; };
		048A9C172885654F004D33E0 /* LikeCountTableViewCell.swift in Sources */ = {isa = PBXBuildFile; fileRef = 048A9C162885654F004D33E0 /* LikeCountTableViewCell.swift */; };
		049BC13928995BA10033EAFF /* FriendsViewModel.swift in Sources */ = {isa = PBXBuildFile; fileRef = 049BC13828995BA10033EAFF /* FriendsViewModel.swift */; };
		049BC13B28995C990033EAFF /* NewsEndPoint.swift in Sources */ = {isa = PBXBuildFile; fileRef = 049BC13A28995C990033EAFF /* NewsEndPoint.swift */; };
		049BC14028996DFF0033EAFF /* GroupEndpoint.swift in Sources */ = {isa = PBXBuildFile; fileRef = 049BC13F28996DFF0033EAFF /* GroupEndpoint.swift */; };
		049CF416286747D7008DAF86 /* AppDelegate.swift in Sources */ = {isa = PBXBuildFile; fileRef = 049CF415286747D7008DAF86 /* AppDelegate.swift */; };
		049CF418286747D7008DAF86 /* SceneDelegate.swift in Sources */ = {isa = PBXBuildFile; fileRef = 049CF417286747D7008DAF86 /* SceneDelegate.swift */; };
		049CF41A286747D7008DAF86 /* AuthVC.swift in Sources */ = {isa = PBXBuildFile; fileRef = 049CF419286747D7008DAF86 /* AuthVC.swift */; };
		049CF41F286747DA008DAF86 /* Assets.xcassets in Resources */ = {isa = PBXBuildFile; fileRef = 049CF41E286747DA008DAF86 /* Assets.xcassets */; };
		049CF422286747DA008DAF86 /* LaunchScreen.storyboard in Resources */ = {isa = PBXBuildFile; fileRef = 049CF420286747DA008DAF86 /* LaunchScreen.storyboard */; };
		049CF42F2869D656008DAF86 /* FriendVC.swift in Sources */ = {isa = PBXBuildFile; fileRef = 049CF42E2869D656008DAF86 /* FriendVC.swift */; };
		049CF434286B102E008DAF86 /* SDWebImage in Frameworks */ = {isa = PBXBuildFile; productRef = 049CF433286B102E008DAF86 /* SDWebImage */; };
		049CF43C286B12D5008DAF86 /* MainTabBarVC.swift in Sources */ = {isa = PBXBuildFile; fileRef = 049CF43B286B12D5008DAF86 /* MainTabBarVC.swift */; };
		049CF43E286B1324008DAF86 /* GroupsVC.swift in Sources */ = {isa = PBXBuildFile; fileRef = 049CF43D286B1324008DAF86 /* GroupsVC.swift */; };
		049CF442286B1CB9008DAF86 /* UIView+PinEdges.swift in Sources */ = {isa = PBXBuildFile; fileRef = 049CF441286B1CB9008DAF86 /* UIView+PinEdges.swift */; };
		049CF444286B20D8008DAF86 /* FriendsCell.swift in Sources */ = {isa = PBXBuildFile; fileRef = 049CF443286B20D8008DAF86 /* FriendsCell.swift */; };
		04A00BC92887C85B00F327F0 /* VideoVC.swift in Sources */ = {isa = PBXBuildFile; fileRef = 04A00BC82887C85B00F327F0 /* VideoVC.swift */; };
		04A00BCB2887CB0E00F327F0 /* VideosApi.swift in Sources */ = {isa = PBXBuildFile; fileRef = 04A00BCA2887CB0E00F327F0 /* VideosApi.swift */; };
		04A00BCD2887D4F100F327F0 /* VideosResponse.swift in Sources */ = {isa = PBXBuildFile; fileRef = 04A00BCC2887D4F100F327F0 /* VideosResponse.swift */; };
		04A00BCF2887D67900F327F0 /* VideosModel.swift in Sources */ = {isa = PBXBuildFile; fileRef = 04A00BCE2887D67900F327F0 /* VideosModel.swift */; };
		04A00BD12887D86300F327F0 /* VideoCell.swift in Sources */ = {isa = PBXBuildFile; fileRef = 04A00BD02887D86300F327F0 /* VideoCell.swift */; };
		04A00BD32888167D00F327F0 /* VideoDetailsVC.swift in Sources */ = {isa = PBXBuildFile; fileRef = 04A00BD22888167D00F327F0 /* VideoDetailsVC.swift */; };
		04A953DE2886D67C00BB8765 /* EmptyTableViewCell.swift in Sources */ = {isa = PBXBuildFile; fileRef = 04A953DD2886D67C00BB8765 /* EmptyTableViewCell.swift */; };
		04C0A3732871919900604DC0 /* SkeletonView in Frameworks */ = {isa = PBXBuildFile; productRef = 04C0A3722871919900604DC0 /* SkeletonView */; };
		04C0A39D2872AC8B00604DC0 /* GroupsCell.swift in Sources */ = {isa = PBXBuildFile; fileRef = 04C0A39C2872AC8B00604DC0 /* GroupsCell.swift */; };
		04C0A39F2872ADE700604DC0 /* GroupsApi.swift in Sources */ = {isa = PBXBuildFile; fileRef = 04C0A39E2872ADE700604DC0 /* GroupsApi.swift */; };
		04C0A3A12872AE1900604DC0 /* GroupsResponse.swift in Sources */ = {isa = PBXBuildFile; fileRef = 04C0A3A02872AE1900604DC0 /* GroupsResponse.swift */; };
		04C0A3A32872D82500604DC0 /* FriendsResponses.swift in Sources */ = {isa = PBXBuildFile; fileRef = 04C0A3A22872D82500604DC0 /* FriendsResponses.swift */; };
		04C0A3A52872D9D000604DC0 /* UserInfoVC.swift in Sources */ = {isa = PBXBuildFile; fileRef = 04C0A3A42872D9D000604DC0 /* UserInfoVC.swift */; };
		04F91B4C287A9BCF0085A9D7 /* VKError.swift in Sources */ = {isa = PBXBuildFile; fileRef = 04F91B4B287A9BCF0085A9D7 /* VKError.swift */; };
		04F91B4E287BF41D0085A9D7 /* NewsVC.swift in Sources */ = {isa = PBXBuildFile; fileRef = 04F91B4D287BF41D0085A9D7 /* NewsVC.swift */; };
		04F91B51287BF6480085A9D7 /* NewsResponse.swift in Sources */ = {isa = PBXBuildFile; fileRef = 04F91B50287BF6480085A9D7 /* NewsResponse.swift */; };
		04F91B53287BF6600085A9D7 /* NewsApi.swift in Sources */ = {isa = PBXBuildFile; fileRef = 04F91B52287BF6600085A9D7 /* NewsApi.swift */; };
		04FB0694288E6CF800E0F1DB /* Sessions.swift in Sources */ = {isa = PBXBuildFile; fileRef = 04FB0693288E6CF800E0F1DB /* Sessions.swift */; };
/* End PBXBuildFile section */

/* Begin PBXFileReference section */
		040231EB287ECB6E003AB343 /* GroupPresenter.swift */ = {isa = PBXFileReference; lastKnownFileType = sourcecode.swift; path = GroupPresenter.swift; sourceTree = "<group>"; };
		040231ED287ED076003AB343 /* GroupsWithPresenter.swift */ = {isa = PBXFileReference; lastKnownFileType = sourcecode.swift; path = GroupsWithPresenter.swift; sourceTree = "<group>"; };
		040231EF28803548003AB343 /* AlertVC.swift */ = {isa = PBXFileReference; lastKnownFileType = sourcecode.swift; path = AlertVC.swift; sourceTree = "<group>"; };
		040231F228803673003AB343 /* AlertController.swift */ = {isa = PBXFileReference; lastKnownFileType = sourcecode.swift; path = AlertController.swift; sourceTree = "<group>"; };
		040231F828817538003AB343 /* GroupsDetailsVC.swift */ = {isa = PBXFileReference; lastKnownFileType = sourcecode.swift; path = GroupsDetailsVC.swift; sourceTree = "<group>"; };
		040231FA28830A80003AB343 /* PostCellModel.swift */ = {isa = PBXFileReference; lastKnownFileType = sourcecode.swift; path = PostCellModel.swift; sourceTree = "<group>"; };
		04111A79289B912800612656 /* GroupsViewModel.swift */ = {isa = PBXFileReference; lastKnownFileType = sourcecode.swift; path = GroupsViewModel.swift; sourceTree = "<group>"; };
		04111A7B289B965B00612656 /* VideosEndpoint.swift */ = {isa = PBXFileReference; lastKnownFileType = sourcecode.swift; path = VideosEndpoint.swift; sourceTree = "<group>"; };
		0422A41F2886ABC20050836F /* ScaledHeightImageView.swift */ = {isa = PBXFileReference; lastKnownFileType = sourcecode.swift; path = ScaledHeightImageView.swift; sourceTree = "<group>"; };
		045FFEC72888335E00FAC431 /* MobileVLCKit.xcframework */ = {isa = PBXFileReference; lastKnownFileType = wrapper.xcframework; name = MobileVLCKit.xcframework; path = Pods/MobileVLCKit/MobileVLCKit.xcframework; sourceTree = "<group>"; };
		048027DF28707E84000E5D6B /* FriendsApi.swift */ = {isa = PBXFileReference; lastKnownFileType = sourcecode.swift; path = FriendsApi.swift; sourceTree = "<group>"; };
		048027E1287082C1000E5D6B /* Data+JSONprint.swift */ = {isa = PBXFileReference; lastKnownFileType = sourcecode.swift; path = "Data+JSONprint.swift"; sourceTree = "<group>"; };
		04838003288A70D200204575 /* hours+extension.swift */ = {isa = PBXFileReference; lastKnownFileType = sourcecode.swift; path = "hours+extension.swift"; sourceTree = "<group>"; };
		04840BD6288E8C43003D24D9 /* Endpoint.swift */ = {isa = PBXFileReference; lastKnownFileType = sourcecode.swift; path = Endpoint.swift; sourceTree = "<group>"; };
		04840BD8288E8D07003D24D9 /* FriendsEndpoint.swift */ = {isa = PBXFileReference; lastKnownFileType = sourcecode.swift; path = FriendsEndpoint.swift; sourceTree = "<group>"; };
		04840BDA288E9294003D24D9 /* API.swift */ = {isa = PBXFileReference; lastKnownFileType = sourcecode.swift; path = API.swift; sourceTree = "<group>"; };
		04840BDC288E95B9003D24D9 /* BaseResponse.swift */ = {isa = PBXFileReference; lastKnownFileType = sourcecode.swift; path = BaseResponse.swift; sourceTree = "<group>"; };
		048A9C10288564EF004D33E0 /* AuthorOfFeedTableViewCell.swift */ = {isa = PBXFileReference; lastKnownFileType = sourcecode.swift; path = AuthorOfFeedTableViewCell.swift; sourceTree = "<group>"; };
		048A9C122885650C004D33E0 /* TextOfFeedTableViewCell.swift */ = {isa = PBXFileReference; lastKnownFileType = sourcecode.swift; path = TextOfFeedTableViewCell.swift; sourceTree = "<group>"; };
		048A9C1428856536004D33E0 /* PhotoOfFeedTableViewCell.swift */ = {isa = PBXFileReference; lastKnownFileType = sourcecode.swift; path = PhotoOfFeedTableViewCell.swift; sourceTree = "<group>"; };
		048A9C162885654F004D33E0 /* LikeCountTableViewCell.swift */ = {isa = PBXFileReference; lastKnownFileType = sourcecode.swift; path = LikeCountTableViewCell.swift; sourceTree = "<group>"; };
		049BC13828995BA10033EAFF /* FriendsViewModel.swift */ = {isa = PBXFileReference; lastKnownFileType = sourcecode.swift; path = FriendsViewModel.swift; sourceTree = "<group>"; };
		049BC13A28995C990033EAFF /* NewsEndPoint.swift */ = {isa = PBXFileReference; lastKnownFileType = sourcecode.swift; path = NewsEndPoint.swift; sourceTree = "<group>"; };
		049BC13F28996DFF0033EAFF /* GroupEndpoint.swift */ = {isa = PBXFileReference; lastKnownFileType = sourcecode.swift; path = GroupEndpoint.swift; sourceTree = "<group>"; };
		049CF412286747D7008DAF86 /* client-vk.app */ = {isa = PBXFileReference; explicitFileType = wrapper.application; includeInIndex = 0; path = "client-vk.app"; sourceTree = BUILT_PRODUCTS_DIR; };
		049CF415286747D7008DAF86 /* AppDelegate.swift */ = {isa = PBXFileReference; lastKnownFileType = sourcecode.swift; path = AppDelegate.swift; sourceTree = "<group>"; };
		049CF417286747D7008DAF86 /* SceneDelegate.swift */ = {isa = PBXFileReference; lastKnownFileType = sourcecode.swift; path = SceneDelegate.swift; sourceTree = "<group>"; };
		049CF419286747D7008DAF86 /* AuthVC.swift */ = {isa = PBXFileReference; lastKnownFileType = sourcecode.swift; path = AuthVC.swift; sourceTree = "<group>"; };
		049CF41E286747DA008DAF86 /* Assets.xcassets */ = {isa = PBXFileReference; lastKnownFileType = folder.assetcatalog; path = Assets.xcassets; sourceTree = "<group>"; };
		049CF421286747DA008DAF86 /* Base */ = {isa = PBXFileReference; lastKnownFileType = file.storyboard; name = Base; path = Base.lproj/LaunchScreen.storyboard; sourceTree = "<group>"; };
		049CF423286747DA008DAF86 /* Info.plist */ = {isa = PBXFileReference; lastKnownFileType = text.plist.xml; path = Info.plist; sourceTree = "<group>"; };
		049CF42E2869D656008DAF86 /* FriendVC.swift */ = {isa = PBXFileReference; lastKnownFileType = sourcecode.swift; path = FriendVC.swift; sourceTree = "<group>"; };
		049CF43B286B12D5008DAF86 /* MainTabBarVC.swift */ = {isa = PBXFileReference; lastKnownFileType = sourcecode.swift; path = MainTabBarVC.swift; sourceTree = "<group>"; };
		049CF43D286B1324008DAF86 /* GroupsVC.swift */ = {isa = PBXFileReference; lastKnownFileType = sourcecode.swift; path = GroupsVC.swift; sourceTree = "<group>"; };
		049CF441286B1CB9008DAF86 /* UIView+PinEdges.swift */ = {isa = PBXFileReference; lastKnownFileType = sourcecode.swift; path = "UIView+PinEdges.swift"; sourceTree = "<group>"; };
		049CF443286B20D8008DAF86 /* FriendsCell.swift */ = {isa = PBXFileReference; lastKnownFileType = sourcecode.swift; path = FriendsCell.swift; sourceTree = "<group>"; };
		04A00BC82887C85B00F327F0 /* VideoVC.swift */ = {isa = PBXFileReference; lastKnownFileType = sourcecode.swift; path = VideoVC.swift; sourceTree = "<group>"; };
		04A00BCA2887CB0E00F327F0 /* VideosApi.swift */ = {isa = PBXFileReference; lastKnownFileType = sourcecode.swift; path = VideosApi.swift; sourceTree = "<group>"; };
		04A00BCC2887D4F100F327F0 /* VideosResponse.swift */ = {isa = PBXFileReference; lastKnownFileType = sourcecode.swift; path = VideosResponse.swift; sourceTree = "<group>"; };
		04A00BCE2887D67900F327F0 /* VideosModel.swift */ = {isa = PBXFileReference; lastKnownFileType = sourcecode.swift; path = VideosModel.swift; sourceTree = "<group>"; };
		04A00BD02887D86300F327F0 /* VideoCell.swift */ = {isa = PBXFileReference; lastKnownFileType = sourcecode.swift; path = VideoCell.swift; sourceTree = "<group>"; };
		04A00BD22888167D00F327F0 /* VideoDetailsVC.swift */ = {isa = PBXFileReference; lastKnownFileType = sourcecode.swift; path = VideoDetailsVC.swift; sourceTree = "<group>"; };
		04A953DD2886D67C00BB8765 /* EmptyTableViewCell.swift */ = {isa = PBXFileReference; lastKnownFileType = sourcecode.swift; path = EmptyTableViewCell.swift; sourceTree = "<group>"; };
		04B35BC628882D11000F322D /* AudioToolbox.framework */ = {isa = PBXFileReference; lastKnownFileType = wrapper.framework; name = AudioToolbox.framework; path = System/Library/Frameworks/AudioToolbox.framework; sourceTree = SDKROOT; };
		04B35BC828882D22000F322D /* AVFoundation.framework */ = {isa = PBXFileReference; lastKnownFileType = wrapper.framework; name = AVFoundation.framework; path = System/Library/Frameworks/AVFoundation.framework; sourceTree = SDKROOT; };
		04B35BCA28882D2B000F322D /* CFNetwork.framework */ = {isa = PBXFileReference; lastKnownFileType = wrapper.framework; name = CFNetwork.framework; path = System/Library/Frameworks/CFNetwork.framework; sourceTree = SDKROOT; };
		04B35BCC28882D36000F322D /* CoreFoundation.framework */ = {isa = PBXFileReference; lastKnownFileType = wrapper.framework; name = CoreFoundation.framework; path = System/Library/Frameworks/CoreFoundation.framework; sourceTree = SDKROOT; };
		04B35BCE28882D40000F322D /* CoreGraphics.framework */ = {isa = PBXFileReference; lastKnownFileType = wrapper.framework; name = CoreGraphics.framework; path = System/Library/Frameworks/CoreGraphics.framework; sourceTree = SDKROOT; };
		04B35BD028882D4A000F322D /* CoreMedia.framework */ = {isa = PBXFileReference; lastKnownFileType = wrapper.framework; name = CoreMedia.framework; path = System/Library/Frameworks/CoreMedia.framework; sourceTree = SDKROOT; };
		04B35BD228882D55000F322D /* CoreText.framework */ = {isa = PBXFileReference; lastKnownFileType = wrapper.framework; name = CoreText.framework; path = System/Library/Frameworks/CoreText.framework; sourceTree = SDKROOT; };
		04B35BD428882D5E000F322D /* CoreVideo.framework */ = {isa = PBXFileReference; lastKnownFileType = wrapper.framework; name = CoreVideo.framework; path = System/Library/Frameworks/CoreVideo.framework; sourceTree = SDKROOT; };
		04B35BD628882D73000F322D /* Foundation.framework */ = {isa = PBXFileReference; lastKnownFileType = wrapper.framework; name = Foundation.framework; path = System/Library/Frameworks/Foundation.framework; sourceTree = SDKROOT; };
		04B35BD828882D7C000F322D /* libbz2.tbd */ = {isa = PBXFileReference; lastKnownFileType = "sourcecode.text-based-dylib-definition"; name = libbz2.tbd; path = usr/lib/libbz2.tbd; sourceTree = SDKROOT; };
		04B35BDA28882D86000F322D /* libc++.tbd */ = {isa = PBXFileReference; lastKnownFileType = "sourcecode.text-based-dylib-definition"; name = "libc++.tbd"; path = "usr/lib/libc++.tbd"; sourceTree = SDKROOT; };
		04B35BDC28882D8F000F322D /* libiconv.tbd */ = {isa = PBXFileReference; lastKnownFileType = "sourcecode.text-based-dylib-definition"; name = libiconv.tbd; path = usr/lib/libiconv.tbd; sourceTree = SDKROOT; };
		04B35BDE28882D99000F322D /* libxml2.tbd */ = {isa = PBXFileReference; lastKnownFileType = "sourcecode.text-based-dylib-definition"; name = libxml2.tbd; path = usr/lib/libxml2.tbd; sourceTree = SDKROOT; };
		04B35BE028882DA3000F322D /* OpenGLES.framework */ = {isa = PBXFileReference; lastKnownFileType = wrapper.framework; name = OpenGLES.framework; path = System/Library/Frameworks/OpenGLES.framework; sourceTree = SDKROOT; };
		04B35BE228882DB2000F322D /* QuartzCore.framework */ = {isa = PBXFileReference; lastKnownFileType = wrapper.framework; name = QuartzCore.framework; path = System/Library/Frameworks/QuartzCore.framework; sourceTree = SDKROOT; };
		04B35BE428882DBB000F322D /* Security.framework */ = {isa = PBXFileReference; lastKnownFileType = wrapper.framework; name = Security.framework; path = System/Library/Frameworks/Security.framework; sourceTree = SDKROOT; };
		04B35BE628882DC5000F322D /* VideoToolbox.framework */ = {isa = PBXFileReference; lastKnownFileType = wrapper.framework; name = VideoToolbox.framework; path = System/Library/Frameworks/VideoToolbox.framework; sourceTree = SDKROOT; };
		04B35BE828882DCE000F322D /* UIKit.framework */ = {isa = PBXFileReference; lastKnownFileType = wrapper.framework; name = UIKit.framework; path = System/Library/Frameworks/UIKit.framework; sourceTree = SDKROOT; };
		04C0A39C2872AC8B00604DC0 /* GroupsCell.swift */ = {isa = PBXFileReference; lastKnownFileType = sourcecode.swift; path = GroupsCell.swift; sourceTree = "<group>"; };
		04C0A39E2872ADE700604DC0 /* GroupsApi.swift */ = {isa = PBXFileReference; lastKnownFileType = sourcecode.swift; path = GroupsApi.swift; sourceTree = "<group>"; };
		04C0A3A02872AE1900604DC0 /* GroupsResponse.swift */ = {isa = PBXFileReference; lastKnownFileType = sourcecode.swift; path = GroupsResponse.swift; sourceTree = "<group>"; };
		04C0A3A22872D82500604DC0 /* FriendsResponses.swift */ = {isa = PBXFileReference; lastKnownFileType = sourcecode.swift; path = FriendsResponses.swift; sourceTree = "<group>"; };
		04C0A3A42872D9D000604DC0 /* UserInfoVC.swift */ = {isa = PBXFileReference; lastKnownFileType = sourcecode.swift; path = UserInfoVC.swift; sourceTree = "<group>"; };
		04F91B4B287A9BCF0085A9D7 /* VKError.swift */ = {isa = PBXFileReference; lastKnownFileType = sourcecode.swift; path = VKError.swift; sourceTree = "<group>"; };
		04F91B4D287BF41D0085A9D7 /* NewsVC.swift */ = {isa = PBXFileReference; lastKnownFileType = sourcecode.swift; path = NewsVC.swift; sourceTree = "<group>"; };
		04F91B50287BF6480085A9D7 /* NewsResponse.swift */ = {isa = PBXFileReference; lastKnownFileType = sourcecode.swift; path = NewsResponse.swift; sourceTree = "<group>"; };
		04F91B52287BF6600085A9D7 /* NewsApi.swift */ = {isa = PBXFileReference; lastKnownFileType = sourcecode.swift; path = NewsApi.swift; sourceTree = "<group>"; };
		04FB0693288E6CF800E0F1DB /* Sessions.swift */ = {isa = PBXFileReference; lastKnownFileType = sourcecode.swift; path = Sessions.swift; sourceTree = "<group>"; };
/* End PBXFileReference section */

/* Begin PBXFrameworksBuildPhase section */
		049CF40F286747D7008DAF86 /* Frameworks */ = {
			isa = PBXFrameworksBuildPhase;
			buildActionMask = 2147483647;
			files = (
				04C0A3732871919900604DC0 /* SkeletonView in Frameworks */,
				049CF434286B102E008DAF86 /* SDWebImage in Frameworks */,
			);
			runOnlyForDeploymentPostprocessing = 0;
		};
/* End PBXFrameworksBuildPhase section */

/* Begin PBXGroup section */
		040231F128803648003AB343 /* Controls */ = {
			isa = PBXGroup;
			children = (
				040231F228803673003AB343 /* AlertController.swift */,
				0422A41F2886ABC20050836F /* ScaledHeightImageView.swift */,
			);
			path = Controls;
			sourceTree = "<group>";
		};
		048027DE28707E60000E5D6B /* Services */ = {
			isa = PBXGroup;
			children = (
				04FB0697288E6E1B00E0F1DB /* Networking Layer */,
				04FB0696288E6D8600E0F1DB /* Session */,
				048027DF28707E84000E5D6B /* FriendsApi.swift */,
				04C0A39E2872ADE700604DC0 /* GroupsApi.swift */,
				04F91B52287BF6600085A9D7 /* NewsApi.swift */,
				04A00BCA2887CB0E00F327F0 /* VideosApi.swift */,
			);
			path = Services;
			sourceTree = "<group>";
		};
		048027E3287087C7000E5D6B /* Models */ = {
			isa = PBXGroup;
			children = (
				04C0A3A02872AE1900604DC0 /* GroupsResponse.swift */,
				04C0A3A22872D82500604DC0 /* FriendsResponses.swift */,
				04F91B50287BF6480085A9D7 /* NewsResponse.swift */,
				04A00BCC2887D4F100F327F0 /* VideosResponse.swift */,
			);
			path = Models;
			sourceTree = "<group>";
		};
		049CF409286747D7008DAF86 = {
			isa = PBXGroup;
			children = (
				049CF414286747D7008DAF86 /* client-vk */,
				049CF413286747D7008DAF86 /* Products */,
				96265CA7BA0F91CE878185A5 /* Frameworks */,
			);
			sourceTree = "<group>";
		};
		049CF413286747D7008DAF86 /* Products */ = {
			isa = PBXGroup;
			children = (
				049CF412286747D7008DAF86 /* client-vk.app */,
			);
			name = Products;
			sourceTree = "<group>";
		};
		049CF414286747D7008DAF86 /* client-vk */ = {
			isa = PBXGroup;
			children = (
				049CF42928674B55008DAF86 /* App */,
				049CF42A28674B5E008DAF86 /* Screens */,
				048027E3287087C7000E5D6B /* Models */,
				040231F128803648003AB343 /* Controls */,
				048027DE28707E60000E5D6B /* Services */,
				049CF440286B1C8E008DAF86 /* Extensions */,
				049CF42B28674B92008DAF86 /* Resources */,
			);
			path = "client-vk";
			sourceTree = "<group>";
		};
		049CF42928674B55008DAF86 /* App */ = {
			isa = PBXGroup;
			children = (
				049CF415286747D7008DAF86 /* AppDelegate.swift */,
				049CF417286747D7008DAF86 /* SceneDelegate.swift */,
			);
			path = App;
			sourceTree = "<group>";
		};
		049CF42A28674B5E008DAF86 /* Screens */ = {
			isa = PBXGroup;
			children = (
				04FB068C288E68E000E0F1DB /* Auth */,
				04FB068B288E688400E0F1DB /* Tabbar */,
				04FB068D288E68F400E0F1DB /* Friends */,
				04FB068E288E692A00E0F1DB /* NewsFeed */,
				04FB0692288E6A8300E0F1DB /* Groups */,
				04FB0691288E6A0100E0F1DB /* Videos */,
				04FB0695288E6D3B00E0F1DB /* Profile */,
			);
			path = Screens;
			sourceTree = "<group>";
		};
		049CF42B28674B92008DAF86 /* Resources */ = {
			isa = PBXGroup;
			children = (
				049CF41E286747DA008DAF86 /* Assets.xcassets */,
				049CF420286747DA008DAF86 /* LaunchScreen.storyboard */,
				049CF423286747DA008DAF86 /* Info.plist */,
			);
			path = Resources;
			sourceTree = "<group>";
		};
		049CF440286B1C8E008DAF86 /* Extensions */ = {
			isa = PBXGroup;
			children = (
				049CF441286B1CB9008DAF86 /* UIView+PinEdges.swift */,
				048027E1287082C1000E5D6B /* Data+JSONprint.swift */,
				040231EF28803548003AB343 /* AlertVC.swift */,
				04838003288A70D200204575 /* hours+extension.swift */,
			);
			path = Extensions;
			sourceTree = "<group>";
		};
		04F91B4A287A9BBE0085A9D7 /* VKErrors */ = {
			isa = PBXGroup;
			children = (
				04F91B4B287A9BCF0085A9D7 /* VKError.swift */,
			);
			path = VKErrors;
			sourceTree = "<group>";
		};
		04FB068B288E688400E0F1DB /* Tabbar */ = {
			isa = PBXGroup;
			children = (
				049CF43B286B12D5008DAF86 /* MainTabBarVC.swift */,
			);
			path = Tabbar;
			sourceTree = "<group>";
		};
		04FB068C288E68E000E0F1DB /* Auth */ = {
			isa = PBXGroup;
			children = (
				049CF419286747D7008DAF86 /* AuthVC.swift */,
			);
			path = Auth;
			sourceTree = "<group>";
		};
		04FB068D288E68F400E0F1DB /* Friends */ = {
			isa = PBXGroup;
			children = (
				049CF42E2869D656008DAF86 /* FriendVC.swift */,
				049CF443286B20D8008DAF86 /* FriendsCell.swift */,
				049BC13828995BA10033EAFF /* FriendsViewModel.swift */,
			);
			path = Friends;
			sourceTree = "<group>";
		};
		04FB068E288E692A00E0F1DB /* NewsFeed */ = {
			isa = PBXGroup;
			children = (
				04F91B4D287BF41D0085A9D7 /* NewsVC.swift */,
				040231FA28830A80003AB343 /* PostCellModel.swift */,
				04FB068F288E699100E0F1DB /* NewsCelll */,
			);
			path = NewsFeed;
			sourceTree = "<group>";
		};
		04FB068F288E699100E0F1DB /* NewsCelll */ = {
			isa = PBXGroup;
			children = (
				048A9C122885650C004D33E0 /* TextOfFeedTableViewCell.swift */,
				048A9C1428856536004D33E0 /* PhotoOfFeedTableViewCell.swift */,
				048A9C162885654F004D33E0 /* LikeCountTableViewCell.swift */,
				04A953DD2886D67C00BB8765 /* EmptyTableViewCell.swift */,
				048A9C10288564EF004D33E0 /* AuthorOfFeedTableViewCell.swift */,
			);
			path = NewsCelll;
			sourceTree = "<group>";
		};
		04FB0690288E69C000E0F1DB /* GroupsPresenter */ = {
			isa = PBXGroup;
			children = (
				040231EB287ECB6E003AB343 /* GroupPresenter.swift */,
				040231ED287ED076003AB343 /* GroupsWithPresenter.swift */,
			);
			path = GroupsPresenter;
			sourceTree = "<group>";
		};
		04FB0691288E6A0100E0F1DB /* Videos */ = {
			isa = PBXGroup;
			children = (
				04A00BC82887C85B00F327F0 /* VideoVC.swift */,
				04A00BCE2887D67900F327F0 /* VideosModel.swift */,
				04A00BD02887D86300F327F0 /* VideoCell.swift */,
				04A00BD22888167D00F327F0 /* VideoDetailsVC.swift */,
			);
			path = Videos;
			sourceTree = "<group>";
		};
		04FB0692288E6A8300E0F1DB /* Groups */ = {
			isa = PBXGroup;
			children = (
				049CF43D286B1324008DAF86 /* GroupsVC.swift */,
				04C0A39C2872AC8B00604DC0 /* GroupsCell.swift */,
				040231F828817538003AB343 /* GroupsDetailsVC.swift */,
				04FB0690288E69C000E0F1DB /* GroupsPresenter */,
				04111A79289B912800612656 /* GroupsViewModel.swift */,
			);
			path = Groups;
			sourceTree = "<group>";
		};
		04FB0695288E6D3B00E0F1DB /* Profile */ = {
			isa = PBXGroup;
			children = (
				04C0A3A42872D9D000604DC0 /* UserInfoVC.swift */,
			);
			path = Profile;
			sourceTree = "<group>";
		};
		04FB0696288E6D8600E0F1DB /* Session */ = {
			isa = PBXGroup;
			children = (
				04FB0693288E6CF800E0F1DB /* Sessions.swift */,
			);
			path = Session;
			sourceTree = "<group>";
		};
		04FB0697288E6E1B00E0F1DB /* Networking Layer */ = {
			isa = PBXGroup;
			children = (
				04840BDA288E9294003D24D9 /* API.swift */,
				04840BD6288E8C43003D24D9 /* Endpoint.swift */,
				04840BD8288E8D07003D24D9 /* FriendsEndpoint.swift */,
				04840BDC288E95B9003D24D9 /* BaseResponse.swift */,
				049BC13A28995C990033EAFF /* NewsEndPoint.swift */,
				049BC13F28996DFF0033EAFF /* GroupEndpoint.swift */,
				04111A7B289B965B00612656 /* VideosEndpoint.swift */,
				04F91B4A287A9BBE0085A9D7 /* VKErrors */,
			);
			path = "Networking Layer";
			sourceTree = "<group>";
		};
		96265CA7BA0F91CE878185A5 /* Frameworks */ = {
			isa = PBXGroup;
			children = (
				045FFEC72888335E00FAC431 /* MobileVLCKit.xcframework */,
				04B35BE828882DCE000F322D /* UIKit.framework */,
				04B35BE628882DC5000F322D /* VideoToolbox.framework */,
				04B35BE428882DBB000F322D /* Security.framework */,
				04B35BE228882DB2000F322D /* QuartzCore.framework */,
				04B35BE028882DA3000F322D /* OpenGLES.framework */,
				04B35BDE28882D99000F322D /* libxml2.tbd */,
				04B35BDC28882D8F000F322D /* libiconv.tbd */,
				04B35BDA28882D86000F322D /* libc++.tbd */,
				04B35BD828882D7C000F322D /* libbz2.tbd */,
				04B35BD628882D73000F322D /* Foundation.framework */,
				04B35BD428882D5E000F322D /* CoreVideo.framework */,
				04B35BD228882D55000F322D /* CoreText.framework */,
				04B35BD028882D4A000F322D /* CoreMedia.framework */,
				04B35BCE28882D40000F322D /* CoreGraphics.framework */,
				04B35BCC28882D36000F322D /* CoreFoundation.framework */,
				04B35BCA28882D2B000F322D /* CFNetwork.framework */,
				04B35BC828882D22000F322D /* AVFoundation.framework */,
				04B35BC628882D11000F322D /* AudioToolbox.framework */,
			);
			name = Frameworks;
			sourceTree = "<group>";
		};
/* End PBXGroup section */

/* Begin PBXNativeTarget section */
		049CF411286747D7008DAF86 /* client-vk */ = {
			isa = PBXNativeTarget;
			buildConfigurationList = 049CF426286747DA008DAF86 /* Build configuration list for PBXNativeTarget "client-vk" */;
			buildPhases = (
				049CF40E286747D7008DAF86 /* Sources */,
				049CF40F286747D7008DAF86 /* Frameworks */,
				049CF410286747D7008DAF86 /* Resources */,
			);
			buildRules = (
			);
			dependencies = (
			);
			name = "client-vk";
			packageProductDependencies = (
				049CF433286B102E008DAF86 /* SDWebImage */,
				04C0A3722871919900604DC0 /* SkeletonView */,
			);
			productName = "client-vk";
			productReference = 049CF412286747D7008DAF86 /* client-vk.app */;
			productType = "com.apple.product-type.application";
		};
/* End PBXNativeTarget section */

/* Begin PBXProject section */
		049CF40A286747D7008DAF86 /* Project object */ = {
			isa = PBXProject;
			attributes = {
				BuildIndependentTargetsInParallel = 1;
				LastSwiftUpdateCheck = 1340;
				LastUpgradeCheck = 1340;
				TargetAttributes = {
					049CF411286747D7008DAF86 = {
						CreatedOnToolsVersion = 13.4;
					};
				};
			};
			buildConfigurationList = 049CF40D286747D7008DAF86 /* Build configuration list for PBXProject "client-vk" */;
			compatibilityVersion = "Xcode 13.0";
			developmentRegion = en;
			hasScannedForEncodings = 0;
			knownRegions = (
				en,
				Base,
			);
			mainGroup = 049CF409286747D7008DAF86;
			packageReferences = (
				049CF432286B102E008DAF86 /* XCRemoteSwiftPackageReference "SDWebImage" */,
				04C0A3712871919900604DC0 /* XCRemoteSwiftPackageReference "SkeletonView" */,
			);
			productRefGroup = 049CF413286747D7008DAF86 /* Products */;
			projectDirPath = "";
			projectRoot = "";
			targets = (
				049CF411286747D7008DAF86 /* client-vk */,
			);
		};
/* End PBXProject section */

/* Begin PBXResourcesBuildPhase section */
		049CF410286747D7008DAF86 /* Resources */ = {
			isa = PBXResourcesBuildPhase;
			buildActionMask = 2147483647;
			files = (
				049CF422286747DA008DAF86 /* LaunchScreen.storyboard in Resources */,
				049CF41F286747DA008DAF86 /* Assets.xcassets in Resources */,
			);
			runOnlyForDeploymentPostprocessing = 0;
		};
/* End PBXResourcesBuildPhase section */

/* Begin PBXSourcesBuildPhase section */
		049CF40E286747D7008DAF86 /* Sources */ = {
			isa = PBXSourcesBuildPhase;
			buildActionMask = 2147483647;
			files = (
				048027E028707E84000E5D6B /* FriendsApi.swift in Sources */,
				040231F028803548003AB343 /* AlertVC.swift in Sources */,
				04A00BCF2887D67900F327F0 /* VideosModel.swift in Sources */,
				04C0A39F2872ADE700604DC0 /* GroupsApi.swift in Sources */,
				04A00BD32888167D00F327F0 /* VideoDetailsVC.swift in Sources */,
				040231F328803673003AB343 /* AlertController.swift in Sources */,
				04A953DE2886D67C00BB8765 /* EmptyTableViewCell.swift in Sources */,
				040231FB28830A80003AB343 /* PostCellModel.swift in Sources */,
				049BC14028996DFF0033EAFF /* GroupEndpoint.swift in Sources */,
				048027E2287082C1000E5D6B /* Data+JSONprint.swift in Sources */,
				04840BDD288E95B9003D24D9 /* BaseResponse.swift in Sources */,
				048A9C1528856536004D33E0 /* PhotoOfFeedTableViewCell.swift in Sources */,
				040231F928817538003AB343 /* GroupsDetailsVC.swift in Sources */,
				04C0A3A12872AE1900604DC0 /* GroupsResponse.swift in Sources */,
				04111A7A289B912800612656 /* GroupsViewModel.swift in Sources */,
				049CF444286B20D8008DAF86 /* FriendsCell.swift in Sources */,
				049CF43C286B12D5008DAF86 /* MainTabBarVC.swift in Sources */,
				048A9C172885654F004D33E0 /* LikeCountTableViewCell.swift in Sources */,
				049CF42F2869D656008DAF86 /* FriendVC.swift in Sources */,
				04C0A39D2872AC8B00604DC0 /* GroupsCell.swift in Sources */,
				04F91B51287BF6480085A9D7 /* NewsResponse.swift in Sources */,
				0422A4202886ABC20050836F /* ScaledHeightImageView.swift in Sources */,
				049CF442286B1CB9008DAF86 /* UIView+PinEdges.swift in Sources */,
				049BC13B28995C990033EAFF /* NewsEndPoint.swift in Sources */,
				04F91B53287BF6600085A9D7 /* NewsApi.swift in Sources */,
				049CF41A286747D7008DAF86 /* AuthVC.swift in Sources */,
				049CF43E286B1324008DAF86 /* GroupsVC.swift in Sources */,
				049BC13928995BA10033EAFF /* FriendsViewModel.swift in Sources */,
				048A9C11288564EF004D33E0 /* AuthorOfFeedTableViewCell.swift in Sources */,
				040231EE287ED076003AB343 /* GroupsWithPresenter.swift in Sources */,
				049CF416286747D7008DAF86 /* AppDelegate.swift in Sources */,
				04840BD9288E8D07003D24D9 /* FriendsEndpoint.swift in Sources */,
				048A9C132885650C004D33E0 /* TextOfFeedTableViewCell.swift in Sources */,
				04C0A3A32872D82500604DC0 /* FriendsResponses.swift in Sources */,
				04A00BC92887C85B00F327F0 /* VideoVC.swift in Sources */,
				04A00BCD2887D4F100F327F0 /* VideosResponse.swift in Sources */,
				04F91B4C287A9BCF0085A9D7 /* VKError.swift in Sources */,
				04FB0694288E6CF800E0F1DB /* Sessions.swift in Sources */,
				049CF418286747D7008DAF86 /* SceneDelegate.swift in Sources */,
				04840BDB288E9294003D24D9 /* API.swift in Sources */,
				04A00BD12887D86300F327F0 /* VideoCell.swift in Sources */,
				04840BD7288E8C43003D24D9 /* Endpoint.swift in Sources */,
				04111A7C289B965B00612656 /* VideosEndpoint.swift in Sources */,
				04A00BCB2887CB0E00F327F0 /* VideosApi.swift in Sources */,
				040231EC287ECB6E003AB343 /* GroupPresenter.swift in Sources */,
				04C0A3A52872D9D000604DC0 /* UserInfoVC.swift in Sources */,
				04F91B4E287BF41D0085A9D7 /* NewsVC.swift in Sources */,
				04838004288A70D200204575 /* hours+extension.swift in Sources */,
			);
			runOnlyForDeploymentPostprocessing = 0;
		};
/* End PBXSourcesBuildPhase section */

/* Begin PBXVariantGroup section */
		049CF420286747DA008DAF86 /* LaunchScreen.storyboard */ = {
			isa = PBXVariantGroup;
			children = (
				049CF421286747DA008DAF86 /* Base */,
			);
			name = LaunchScreen.storyboard;
			sourceTree = "<group>";
		};
/* End PBXVariantGroup section */

/* Begin XCBuildConfiguration section */
		049CF424286747DA008DAF86 /* Debug */ = {
			isa = XCBuildConfiguration;
			buildSettings = {
				ALWAYS_SEARCH_USER_PATHS = NO;
				CLANG_ANALYZER_NONNULL = YES;
				CLANG_ANALYZER_NUMBER_OBJECT_CONVERSION = YES_AGGRESSIVE;
				CLANG_CXX_LANGUAGE_STANDARD = "gnu++17";
				CLANG_ENABLE_MODULES = YES;
				CLANG_ENABLE_OBJC_ARC = YES;
				CLANG_ENABLE_OBJC_WEAK = YES;
				CLANG_WARN_BLOCK_CAPTURE_AUTORELEASING = YES;
				CLANG_WARN_BOOL_CONVERSION = YES;
				CLANG_WARN_COMMA = YES;
				CLANG_WARN_CONSTANT_CONVERSION = YES;
				CLANG_WARN_DEPRECATED_OBJC_IMPLEMENTATIONS = YES;
				CLANG_WARN_DIRECT_OBJC_ISA_USAGE = YES_ERROR;
				CLANG_WARN_DOCUMENTATION_COMMENTS = YES;
				CLANG_WARN_EMPTY_BODY = YES;
				CLANG_WARN_ENUM_CONVERSION = YES;
				CLANG_WARN_INFINITE_RECURSION = YES;
				CLANG_WARN_INT_CONVERSION = YES;
				CLANG_WARN_NON_LITERAL_NULL_CONVERSION = YES;
				CLANG_WARN_OBJC_IMPLICIT_RETAIN_SELF = YES;
				CLANG_WARN_OBJC_LITERAL_CONVERSION = YES;
				CLANG_WARN_OBJC_ROOT_CLASS = YES_ERROR;
				CLANG_WARN_QUOTED_INCLUDE_IN_FRAMEWORK_HEADER = YES;
				CLANG_WARN_RANGE_LOOP_ANALYSIS = YES;
				CLANG_WARN_STRICT_PROTOTYPES = YES;
				CLANG_WARN_SUSPICIOUS_MOVE = YES;
				CLANG_WARN_UNGUARDED_AVAILABILITY = YES_AGGRESSIVE;
				CLANG_WARN_UNREACHABLE_CODE = YES;
				CLANG_WARN__DUPLICATE_METHOD_MATCH = YES;
				COPY_PHASE_STRIP = NO;
				DEBUG_INFORMATION_FORMAT = dwarf;
				ENABLE_STRICT_OBJC_MSGSEND = YES;
				ENABLE_TESTABILITY = YES;
				GCC_C_LANGUAGE_STANDARD = gnu11;
				GCC_DYNAMIC_NO_PIC = NO;
				GCC_NO_COMMON_BLOCKS = YES;
				GCC_OPTIMIZATION_LEVEL = 0;
				GCC_PREPROCESSOR_DEFINITIONS = (
					"DEBUG=1",
					"$(inherited)",
				);
				GCC_WARN_64_TO_32_BIT_CONVERSION = YES;
				GCC_WARN_ABOUT_RETURN_TYPE = YES_ERROR;
				GCC_WARN_UNDECLARED_SELECTOR = YES;
				GCC_WARN_UNINITIALIZED_AUTOS = YES_AGGRESSIVE;
				GCC_WARN_UNUSED_FUNCTION = YES;
				GCC_WARN_UNUSED_VARIABLE = YES;
				IPHONEOS_DEPLOYMENT_TARGET = 15.5;
				MTL_ENABLE_DEBUG_INFO = INCLUDE_SOURCE;
				MTL_FAST_MATH = YES;
				ONLY_ACTIVE_ARCH = YES;
				SDKROOT = iphoneos;
				SWIFT_ACTIVE_COMPILATION_CONDITIONS = DEBUG;
				SWIFT_OPTIMIZATION_LEVEL = "-Onone";
			};
			name = Debug;
		};
		049CF427286747DA008DAF86 /* Debug */ = {
			isa = XCBuildConfiguration;
			buildSettings = {
				ASSETCATALOG_COMPILER_APPICON_NAME = AppIcon;
				ASSETCATALOG_COMPILER_GLOBAL_ACCENT_COLOR_NAME = AccentColor;
				CODE_SIGN_STYLE = Automatic;
				CURRENT_PROJECT_VERSION = 1;
				DEVELOPMENT_TEAM = HD5QFP6NH3;
				GENERATE_INFOPLIST_FILE = YES;
				INFOPLIST_FILE = "client-vk/Resources/Info.plist";
				INFOPLIST_KEY_UIApplicationSupportsIndirectInputEvents = YES;
				INFOPLIST_KEY_UILaunchStoryboardName = LaunchScreen;
				INFOPLIST_KEY_UISupportedInterfaceOrientations_iPad = "UIInterfaceOrientationPortrait UIInterfaceOrientationPortraitUpsideDown UIInterfaceOrientationLandscapeLeft UIInterfaceOrientationLandscapeRight";
				INFOPLIST_KEY_UISupportedInterfaceOrientations_iPhone = "UIInterfaceOrientationPortrait UIInterfaceOrientationLandscapeLeft UIInterfaceOrientationLandscapeRight";
				LD_RUNPATH_SEARCH_PATHS = (
					"$(inherited)",
					"@executable_path/Frameworks",
				);
				MARKETING_VERSION = 1.0;
				PRODUCT_BUNDLE_IDENTIFIER = "abdusalom.client-vk";
				PRODUCT_NAME = "$(TARGET_NAME)";
				SWIFT_EMIT_LOC_STRINGS = YES;
				SWIFT_VERSION = 5.0;
				TARGETED_DEVICE_FAMILY = "1,2";
			};
			name = Debug;
		};
/* End XCBuildConfiguration section */

/* Begin XCConfigurationList section */
		049CF40D286747D7008DAF86 /* Build configuration list for PBXProject "client-vk" */ = {
			isa = XCConfigurationList;
			buildConfigurations = (
				049CF424286747DA008DAF86 /* Debug */,
			);
			defaultConfigurationIsVisible = 0;
			defaultConfigurationName = Debug;
		};
		049CF426286747DA008DAF86 /* Build configuration list for PBXNativeTarget "client-vk" */ = {
			isa = XCConfigurationList;
			buildConfigurations = (
				049CF427286747DA008DAF86 /* Debug */,
			);
			defaultConfigurationIsVisible = 0;
			defaultConfigurationName = Debug;
		};
/* End XCConfigurationList section */

/* Begin XCRemoteSwiftPackageReference section */
		049CF432286B102E008DAF86 /* XCRemoteSwiftPackageReference "SDWebImage" */ = {
			isa = XCRemoteSwiftPackageReference;
			repositoryURL = "https://github.com/SDWebImage/SDWebImage.git";
			requirement = {
				kind = upToNextMajorVersion;
				minimumVersion = 5.0.0;
			};
		};
		04C0A3712871919900604DC0 /* XCRemoteSwiftPackageReference "SkeletonView" */ = {
			isa = XCRemoteSwiftPackageReference;
			repositoryURL = "https://github.com/Juanpe/SkeletonView.git";
			requirement = {
				branch = main;
				kind = branch;
			};
		};
/* End XCRemoteSwiftPackageReference section */

/* Begin XCSwiftPackageProductDependency section */
		049CF433286B102E008DAF86 /* SDWebImage */ = {
			isa = XCSwiftPackageProductDependency;
			package = 049CF432286B102E008DAF86 /* XCRemoteSwiftPackageReference "SDWebImage" */;
			productName = SDWebImage;
		};
		04C0A3722871919900604DC0 /* SkeletonView */ = {
			isa = XCSwiftPackageProductDependency;
			package = 04C0A3712871919900604DC0 /* XCRemoteSwiftPackageReference "SkeletonView" */;
			productName = SkeletonView;
		};
/* End XCSwiftPackageProductDependency section */
	};
	rootObject = 049CF40A286747D7008DAF86 /* Project object */;
}
