{
  "pins" : [
    {
      "identity" : "sdwebimage",
      "kind" : "remoteSourceControl",
      "location" : "https://github.com/SDWebImage/SDWebImage.git",
      "state" : {
        "revision" : "c4b8660bb3ef543fe4bdcaac0db956b32dc5583f",
        "version" : "5.13.0"
      }
    }
  ],
  "version" : 2
}
